
Microsoft Visual Studio Solution File, Format Version 12.00
# Visual Studio 15
VisualStudioVersion = 15.0.26430.15
MinimumVisualStudioVersion = 10.0.40219.1
Project("{FAE04EC0-301F-11D3-BF4B-00C04F79EFBC}") = "NetProperty", "NetProperty\NetProperty.csproj", "{4B8AA693-C9A2-4757-912A-822DE1191FDB}"
EndProject
Project("{FAE04EC0-301F-11D3-BF4B-00C04F79EFBC}") = "NetPropertyTest", "NetPropertyTest\NetPropertyTest.csproj", "{8DFBA4D7-FDC6-497D-9647-65D62E99FF75}"
EndProject
Project("{2150E333-8FDC-42A3-9474-1A3956D46DE8}") = "Repository Items", "Repository Items", "{F08AEF72-55FC-4347-97A5-F14202F260D5}"
	ProjectSection(SolutionItems) = preProject
		CHANGES.md = CHANGES.md
		LICENSE.md = LICENSE.md
		README.md = README.md
	EndProjectSection
EndProject
Global
	GlobalSection(SolutionConfigurationPlatforms) = preSolution
		Debug|Any CPU = Debug|Any CPU
		Release|Any CPU = Release|Any CPU
	EndGlobalSection
	GlobalSection(ProjectConfigurationPlatforms) = postSolution
		{4B8AA693-C9A2-4757-912A-822DE1191FDB}.Debug|Any CPU.ActiveCfg = Debug|Any CPU
		{4B8AA693-C9A2-4757-912A-822DE1191FDB}.Debug|Any CPU.Build.0 = Debug|Any CPU
		{4B8AA693-C9A2-4757-912A-822DE1191FDB}.Release|Any CPU.ActiveCfg = Release|Any CPU
		{4B8AA693-C9A2-4757-912A-822DE1191FDB}.Release|Any CPU.Build.0 = Release|Any CPU
		{8DFBA4D7-FDC6-497D-9647-65D62E99FF75}.Debug|Any CPU.ActiveCfg = Debug|Any CPU
		{8DFBA4D7-FDC6-497D-9647-65D62E99FF75}.Debug|Any CPU.Build.0 = Debug|Any CPU
		{8DFBA4D7-FDC6-497D-9647-65D62E99FF75}.Release|Any CPU.ActiveCfg = Release|Any CPU
		{8DFBA4D7-FDC6-497D-9647-65D62E99FF75}.Release|Any CPU.Build.0 = Release|Any CPU
	EndGlobalSection
	GlobalSection(SolutionProperties) = preSolution
		HideSolutionNode = FALSE
	EndGlobalSection
EndGlobal
